// !$*UTF8*$!
{
	archiveVersion = 1;
	classes = {
	};
	objectVersion = 46;
	objects = {

/* Begin PBXBuildFile section */
		1DE8DD021D84B3A9002C37C8 /* RATabBar.swift in Sources */ = {isa = PBXBuildFile; fileRef = 1DE8DD011D84B3A8002C37C8 /* RATabBar.swift */; };
		1DE8DD031D84B3A9002C37C8 /* RATabBar.swift in Sources */ = {isa = PBXBuildFile; fileRef = 1DE8DD011D84B3A8002C37C8 /* RATabBar.swift */; };
		1DE8DD041D84B3A9002C37C8 /* RATabBar.swift in Sources */ = {isa = PBXBuildFile; fileRef = 1DE8DD011D84B3A8002C37C8 /* RATabBar.swift */; };
		4A3269141D8FC31C00A1468C /* Utility.swift in Sources */ = {isa = PBXBuildFile; fileRef = 4A3269131D8FC31C00A1468C /* Utility.swift */; };
		4A33B0591D82B64D00CC29B0 /* AppDelegate.swift in Sources */ = {isa = PBXBuildFile; fileRef = 4A33B0581D82B64D00CC29B0 /* AppDelegate.swift */; };
		4A33B0601D82B64D00CC29B0 /* Assets.xcassets in Resources */ = {isa = PBXBuildFile; fileRef = 4A33B05F1D82B64D00CC29B0 /* Assets.xcassets */; };
		4A33B06E1D82B64D00CC29B0 /* Grc2016_iOSTests.swift in Sources */ = {isa = PBXBuildFile; fileRef = 4A33B06D1D82B64D00CC29B0 /* Grc2016_iOSTests.swift */; };
		4A33B0791D82B64D00CC29B0 /* Grc2016_iOSUITests.swift in Sources */ = {isa = PBXBuildFile; fileRef = 4A33B0781D82B64D00CC29B0 /* Grc2016_iOSUITests.swift */; };
		4A33B08E1D82B83100CC29B0 /* CreateAccountViewController.swift in Sources */ = {isa = PBXBuildFile; fileRef = 4A33B08C1D82B83100CC29B0 /* CreateAccountViewController.swift */; };
		4A33B08F1D82B83100CC29B0 /* CreateAccountViewController.xib in Resources */ = {isa = PBXBuildFile; fileRef = 4A33B08D1D82B83100CC29B0 /* CreateAccountViewController.xib */; };
		4A33B09A1D82C4A500CC29B0 /* Constants.swift in Sources */ = {isa = PBXBuildFile; fileRef = 4A33B0991D82C4A500CC29B0 /* Constants.swift */; };
		4A52D9D01D8960A8005C3C32 /* MenuViewController.swift in Sources */ = {isa = PBXBuildFile; fileRef = 4A52D9CE1D8960A8005C3C32 /* MenuViewController.swift */; };
		4A52D9D11D8960A8005C3C32 /* MenuViewController.xib in Resources */ = {isa = PBXBuildFile; fileRef = 4A52D9CF1D8960A8005C3C32 /* MenuViewController.xib */; };
		4A7283841D8FFE9300D39DFD /* RadioPageViewController.swift in Sources */ = {isa = PBXBuildFile; fileRef = 4A7283821D8FFE9300D39DFD /* RadioPageViewController.swift */; };
		4A7283851D8FFE9300D39DFD /* RadioPageViewController.xib in Resources */ = {isa = PBXBuildFile; fileRef = 4A7283831D8FFE9300D39DFD /* RadioPageViewController.xib */; };
		4A7283881D9009A200D39DFD /* RadioGeneroViewController.swift in Sources */ = {isa = PBXBuildFile; fileRef = 4A7283861D9009A200D39DFD /* RadioGeneroViewController.swift */; };
		4A7283891D9009A200D39DFD /* RadioGeneroViewController.xib in Resources */ = {isa = PBXBuildFile; fileRef = 4A7283871D9009A200D39DFD /* RadioGeneroViewController.xib */; };
		4A72838C1D9009BD00D39DFD /* RadioProgramsViewController.swift in Sources */ = {isa = PBXBuildFile; fileRef = 4A72838A1D9009BD00D39DFD /* RadioProgramsViewController.swift */; };
		4A72838D1D9009BD00D39DFD /* RadioProgramsViewController.xib in Resources */ = {isa = PBXBuildFile; fileRef = 4A72838B1D9009BD00D39DFD /* RadioProgramsViewController.xib */; };
		4A7283901D9009E100D39DFD /* RadioFavoriteViewController.swift in Sources */ = {isa = PBXBuildFile; fileRef = 4A72838E1D9009E100D39DFD /* RadioFavoriteViewController.swift */; };
		4A7283911D9009E100D39DFD /* RadioFavoriteViewController.xib in Resources */ = {isa = PBXBuildFile; fileRef = 4A72838F1D9009E100D39DFD /* RadioFavoriteViewController.xib */; };
		4A7283941D9009F900D39DFD /* RadioCloudViewController.swift in Sources */ = {isa = PBXBuildFile; fileRef = 4A7283921D9009F900D39DFD /* RadioCloudViewController.swift */; };
		4A7283951D9009F900D39DFD /* RadioCloudViewController.xib in Resources */ = {isa = PBXBuildFile; fileRef = 4A7283931D9009F900D39DFD /* RadioCloudViewController.xib */; };
		4ACB4E2C1D910F6E00051C23 /* GeneroCollectionViewCell.swift in Sources */ = {isa = PBXBuildFile; fileRef = 4ACB4E2A1D910F6E00051C23 /* GeneroCollectionViewCell.swift */; };
		4ACB4E2D1D910F6E00051C23 /* GeneroCollectionViewCell.xib in Resources */ = {isa = PBXBuildFile; fileRef = 4ACB4E2B1D910F6E00051C23 /* GeneroCollectionViewCell.xib */; };
		4ACB4E311D9119C000051C23 /* GeneroReusableCollectionView.swift in Sources */ = {isa = PBXBuildFile; fileRef = 4ACB4E2F1D9119C000051C23 /* GeneroReusableCollectionView.swift */; };
		4ACB4E321D9119C000051C23 /* GeneroReusableCollectionView.xib in Resources */ = {isa = PBXBuildFile; fileRef = 4ACB4E301D9119C000051C23 /* GeneroReusableCollectionView.xib */; };
		4ACB4E351D91302A00051C23 /* GeneroCollectionViewTopHeaderView.swift in Sources */ = {isa = PBXBuildFile; fileRef = 4ACB4E331D91302A00051C23 /* GeneroCollectionViewTopHeaderView.swift */; };
		4ACB4E361D91302A00051C23 /* GeneroCollectionViewTopHeaderView.xib in Resources */ = {isa = PBXBuildFile; fileRef = 4ACB4E341D91302A00051C23 /* GeneroCollectionViewTopHeaderView.xib */; };
		4AE986E11D89383E009345BB /* RadioViewController.swift in Sources */ = {isa = PBXBuildFile; fileRef = 4AE986DF1D89383E009345BB /* RadioViewController.swift */; };
		4AE986E21D89383E009345BB /* RadioViewController.xib in Resources */ = {isa = PBXBuildFile; fileRef = 4AE986E01D89383E009345BB /* RadioViewController.xib */; };
		4AE986E51D893894009345BB /* OnDemandViewController.swift in Sources */ = {isa = PBXBuildFile; fileRef = 4AE986E31D893894009345BB /* OnDemandViewController.swift */; };
		4AE986E61D893894009345BB /* OnDemandViewController.xib in Resources */ = {isa = PBXBuildFile; fileRef = 4AE986E41D893894009345BB /* OnDemandViewController.xib */; };
		4AE986E91D8938AA009345BB /* EnterateViewController.swift in Sources */ = {isa = PBXBuildFile; fileRef = 4AE986E71D8938AA009345BB /* EnterateViewController.swift */; };
		4AE986EA1D8938AA009345BB /* EnterateViewController.xib in Resources */ = {isa = PBXBuildFile; fileRef = 4AE986E81D8938AA009345BB /* EnterateViewController.xib */; };
		4AE986ED1D8938C2009345BB /* DestertadorViewController.swift in Sources */ = {isa = PBXBuildFile; fileRef = 4AE986EB1D8938C2009345BB /* DestertadorViewController.swift */; };
		4AE986EE1D8938C2009345BB /* DestertadorViewController.xib in Resources */ = {isa = PBXBuildFile; fileRef = 4AE986EC1D8938C2009345BB /* DestertadorViewController.xib */; };
		4AE986F11D8938E1009345BB /* AjusteViewController.swift in Sources */ = {isa = PBXBuildFile; fileRef = 4AE986EF1D8938E1009345BB /* AjusteViewController.swift */; };
		4AE986F21D8938E1009345BB /* AjusteViewController.xib in Resources */ = {isa = PBXBuildFile; fileRef = 4AE986F01D8938E1009345BB /* AjusteViewController.xib */; };
/* End PBXBuildFile section */

/* Begin PBXContainerItemProxy section */
		4A33B06A1D82B64D00CC29B0 /* PBXContainerItemProxy */ = {
			isa = PBXContainerItemProxy;
			containerPortal = 4A33B04D1D82B64D00CC29B0 /* Project object */;
			proxyType = 1;
			remoteGlobalIDString = 4A33B0541D82B64D00CC29B0;
			remoteInfo = Grc2016_iOS;
		};
		4A33B0751D82B64D00CC29B0 /* PBXContainerItemProxy */ = {
			isa = PBXContainerItemProxy;
			containerPortal = 4A33B04D1D82B64D00CC29B0 /* Project object */;
			proxyType = 1;
			remoteGlobalIDString = 4A33B0541D82B64D00CC29B0;
			remoteInfo = Grc2016_iOS;
		};
/* End PBXContainerItemProxy section */

/* Begin PBXFileReference section */
		1DE8DD011D84B3A8002C37C8 /* RATabBar.swift */ = {isa = PBXFileReference; fileEncoding = 4; lastKnownFileType = sourcecode.swift; path = RATabBar.swift; sourceTree = "<group>"; };
		4A3269131D8FC31C00A1468C /* Utility.swift */ = {isa = PBXFileReference; fileEncoding = 4; lastKnownFileType = sourcecode.swift; name = Utility.swift; path = Grc2016_iOS/Modules/MenuModule/ViewControllers/Utility.swift; sourceTree = SOURCE_ROOT; };
		4A33B0551D82B64D00CC29B0 /* Grc2016_iOS.app */ = {isa = PBXFileReference; explicitFileType = wrapper.application; includeInIndex = 0; path = Grc2016_iOS.app; sourceTree = BUILT_PRODUCTS_DIR; };
		4A33B0581D82B64D00CC29B0 /* AppDelegate.swift */ = {isa = PBXFileReference; lastKnownFileType = sourcecode.swift; path = AppDelegate.swift; sourceTree = "<group>"; };
		4A33B05F1D82B64D00CC29B0 /* Assets.xcassets */ = {isa = PBXFileReference; lastKnownFileType = folder.assetcatalog; path = Assets.xcassets; sourceTree = "<group>"; };
		4A33B0641D82B64D00CC29B0 /* Info.plist */ = {isa = PBXFileReference; lastKnownFileType = text.plist.xml; path = Info.plist; sourceTree = "<group>"; };
		4A33B0691D82B64D00CC29B0 /* Grc2016_iOSTests.xctest */ = {isa = PBXFileReference; explicitFileType = wrapper.cfbundle; includeInIndex = 0; path = Grc2016_iOSTests.xctest; sourceTree = BUILT_PRODUCTS_DIR; };
		4A33B06D1D82B64D00CC29B0 /* Grc2016_iOSTests.swift */ = {isa = PBXFileReference; lastKnownFileType = sourcecode.swift; path = Grc2016_iOSTests.swift; sourceTree = "<group>"; };
		4A33B06F1D82B64D00CC29B0 /* Info.plist */ = {isa = PBXFileReference; lastKnownFileType = text.plist.xml; path = Info.plist; sourceTree = "<group>"; };
		4A33B0741D82B64D00CC29B0 /* Grc2016_iOSUITests.xctest */ = {isa = PBXFileReference; explicitFileType = wrapper.cfbundle; includeInIndex = 0; path = Grc2016_iOSUITests.xctest; sourceTree = BUILT_PRODUCTS_DIR; };
		4A33B0781D82B64D00CC29B0 /* Grc2016_iOSUITests.swift */ = {isa = PBXFileReference; lastKnownFileType = sourcecode.swift; path = Grc2016_iOSUITests.swift; sourceTree = "<group>"; };
		4A33B07A1D82B64D00CC29B0 /* Info.plist */ = {isa = PBXFileReference; lastKnownFileType = text.plist.xml; path = Info.plist; sourceTree = "<group>"; };
		4A33B08C1D82B83100CC29B0 /* CreateAccountViewController.swift */ = {isa = PBXFileReference; fileEncoding = 4; lastKnownFileType = sourcecode.swift; path = CreateAccountViewController.swift; sourceTree = "<group>"; };
		4A33B08D1D82B83100CC29B0 /* CreateAccountViewController.xib */ = {isa = PBXFileReference; fileEncoding = 4; lastKnownFileType = file.xib; path = CreateAccountViewController.xib; sourceTree = "<group>"; };
		4A33B0991D82C4A500CC29B0 /* Constants.swift */ = {isa = PBXFileReference; fileEncoding = 4; lastKnownFileType = sourcecode.swift; path = Constants.swift; sourceTree = "<group>"; };
		4A52D9CE1D8960A8005C3C32 /* MenuViewController.swift */ = {isa = PBXFileReference; fileEncoding = 4; lastKnownFileType = sourcecode.swift; path = MenuViewController.swift; sourceTree = "<group>"; };
		4A52D9CF1D8960A8005C3C32 /* MenuViewController.xib */ = {isa = PBXFileReference; fileEncoding = 4; lastKnownFileType = file.xib; path = MenuViewController.xib; sourceTree = "<group>"; };
		4A7283821D8FFE9300D39DFD /* RadioPageViewController.swift */ = {isa = PBXFileReference; fileEncoding = 4; lastKnownFileType = sourcecode.swift; path = RadioPageViewController.swift; sourceTree = "<group>"; };
		4A7283831D8FFE9300D39DFD /* RadioPageViewController.xib */ = {isa = PBXFileReference; fileEncoding = 4; lastKnownFileType = file.xib; path = RadioPageViewController.xib; sourceTree = "<group>"; };
		4A7283861D9009A200D39DFD /* RadioGeneroViewController.swift */ = {isa = PBXFileReference; fileEncoding = 4; lastKnownFileType = sourcecode.swift; path = RadioGeneroViewController.swift; sourceTree = "<group>"; };
		4A7283871D9009A200D39DFD /* RadioGeneroViewController.xib */ = {isa = PBXFileReference; fileEncoding = 4; lastKnownFileType = file.xib; path = RadioGeneroViewController.xib; sourceTree = "<group>"; };
		4A72838A1D9009BD00D39DFD /* RadioProgramsViewController.swift */ = {isa = PBXFileReference; fileEncoding = 4; lastKnownFileType = sourcecode.swift; path = RadioProgramsViewController.swift; sourceTree = "<group>"; };
		4A72838B1D9009BD00D39DFD /* RadioProgramsViewController.xib */ = {isa = PBXFileReference; fileEncoding = 4; lastKnownFileType = file.xib; path = RadioProgramsViewController.xib; sourceTree = "<group>"; };
		4A72838E1D9009E100D39DFD /* RadioFavoriteViewController.swift */ = {isa = PBXFileReference; fileEncoding = 4; lastKnownFileType = sourcecode.swift; path = RadioFavoriteViewController.swift; sourceTree = "<group>"; };
		4A72838F1D9009E100D39DFD /* RadioFavoriteViewController.xib */ = {isa = PBXFileReference; fileEncoding = 4; lastKnownFileType = file.xib; path = RadioFavoriteViewController.xib; sourceTree = "<group>"; };
		4A7283921D9009F900D39DFD /* RadioCloudViewController.swift */ = {isa = PBXFileReference; fileEncoding = 4; lastKnownFileType = sourcecode.swift; path = RadioCloudViewController.swift; sourceTree = "<group>"; };
		4A7283931D9009F900D39DFD /* RadioCloudViewController.xib */ = {isa = PBXFileReference; fileEncoding = 4; lastKnownFileType = file.xib; path = RadioCloudViewController.xib; sourceTree = "<group>"; };
		4ACB4E2A1D910F6E00051C23 /* GeneroCollectionViewCell.swift */ = {isa = PBXFileReference; fileEncoding = 4; lastKnownFileType = sourcecode.swift; path = GeneroCollectionViewCell.swift; sourceTree = "<group>"; };
		4ACB4E2B1D910F6E00051C23 /* GeneroCollectionViewCell.xib */ = {isa = PBXFileReference; fileEncoding = 4; lastKnownFileType = file.xib; path = GeneroCollectionViewCell.xib; sourceTree = "<group>"; };
		4ACB4E2F1D9119C000051C23 /* GeneroReusableCollectionView.swift */ = {isa = PBXFileReference; fileEncoding = 4; lastKnownFileType = sourcecode.swift; path = GeneroReusableCollectionView.swift; sourceTree = "<group>"; };
		4ACB4E301D9119C000051C23 /* GeneroReusableCollectionView.xib */ = {isa = PBXFileReference; fileEncoding = 4; lastKnownFileType = file.xib; path = GeneroReusableCollectionView.xib; sourceTree = "<group>"; };
		4ACB4E331D91302A00051C23 /* GeneroCollectionViewTopHeaderView.swift */ = {isa = PBXFileReference; fileEncoding = 4; lastKnownFileType = sourcecode.swift; path = GeneroCollectionViewTopHeaderView.swift; sourceTree = "<group>"; };
		4ACB4E341D91302A00051C23 /* GeneroCollectionViewTopHeaderView.xib */ = {isa = PBXFileReference; fileEncoding = 4; lastKnownFileType = file.xib; path = GeneroCollectionViewTopHeaderView.xib; sourceTree = "<group>"; };
		4AE986DF1D89383E009345BB /* RadioViewController.swift */ = {isa = PBXFileReference; fileEncoding = 4; lastKnownFileType = sourcecode.swift; path = RadioViewController.swift; sourceTree = "<group>"; };
		4AE986E01D89383E009345BB /* RadioViewController.xib */ = {isa = PBXFileReference; fileEncoding = 4; lastKnownFileType = file.xib; path = RadioViewController.xib; sourceTree = "<group>"; };
		4AE986E31D893894009345BB /* OnDemandViewController.swift */ = {isa = PBXFileReference; fileEncoding = 4; lastKnownFileType = sourcecode.swift; path = OnDemandViewController.swift; sourceTree = "<group>"; };
		4AE986E41D893894009345BB /* OnDemandViewController.xib */ = {isa = PBXFileReference; fileEncoding = 4; lastKnownFileType = file.xib; path = OnDemandViewController.xib; sourceTree = "<group>"; };
		4AE986E71D8938AA009345BB /* EnterateViewController.swift */ = {isa = PBXFileReference; fileEncoding = 4; lastKnownFileType = sourcecode.swift; path = EnterateViewController.swift; sourceTree = "<group>"; };
		4AE986E81D8938AA009345BB /* EnterateViewController.xib */ = {isa = PBXFileReference; fileEncoding = 4; lastKnownFileType = file.xib; path = EnterateViewController.xib; sourceTree = "<group>"; };
		4AE986EB1D8938C2009345BB /* DestertadorViewController.swift */ = {isa = PBXFileReference; fileEncoding = 4; lastKnownFileType = sourcecode.swift; path = DestertadorViewController.swift; sourceTree = "<group>"; };
		4AE986EC1D8938C2009345BB /* DestertadorViewController.xib */ = {isa = PBXFileReference; fileEncoding = 4; lastKnownFileType = file.xib; path = DestertadorViewController.xib; sourceTree = "<group>"; };
		4AE986EF1D8938E1009345BB /* AjusteViewController.swift */ = {isa = PBXFileReference; fileEncoding = 4; lastKnownFileType = sourcecode.swift; path = AjusteViewController.swift; sourceTree = "<group>"; };
		4AE986F01D8938E1009345BB /* AjusteViewController.xib */ = {isa = PBXFileReference; fileEncoding = 4; lastKnownFileType = file.xib; path = AjusteViewController.xib; sourceTree = "<group>"; };
/* End PBXFileReference section */

/* Begin PBXFrameworksBuildPhase section */
		4A33B0521D82B64D00CC29B0 /* Frameworks */ = {
			isa = PBXFrameworksBuildPhase;
			buildActionMask = 2147483647;
			files = (
			);
			runOnlyForDeploymentPostprocessing = 0;
		};
		4A33B0661D82B64D00CC29B0 /* Frameworks */ = {
			isa = PBXFrameworksBuildPhase;
			buildActionMask = 2147483647;
			files = (
			);
			runOnlyForDeploymentPostprocessing = 0;
		};
		4A33B0711D82B64D00CC29B0 /* Frameworks */ = {
			isa = PBXFrameworksBuildPhase;
			buildActionMask = 2147483647;
			files = (
			);
			runOnlyForDeploymentPostprocessing = 0;
		};
/* End PBXFrameworksBuildPhase section */

/* Begin PBXGroup section */
		1DE8DD001D84B33E002C37C8 /* Tabbar */ = {
			isa = PBXGroup;
			children = (
				1DE8DD011D84B3A8002C37C8 /* RATabBar.swift */,
			);
			path = Tabbar;
			sourceTree = "<group>";
		};
		4A33B04C1D82B64D00CC29B0 = {
			isa = PBXGroup;
			children = (
				4A33B0571D82B64D00CC29B0 /* Grc2016_iOS */,
				4A33B06C1D82B64D00CC29B0 /* Grc2016_iOSTests */,
				4A33B0771D82B64D00CC29B0 /* Grc2016_iOSUITests */,
				4A33B0561D82B64D00CC29B0 /* Products */,
				4BA562E9180EEE3A106D030B /* Frameworks */,
			);
			sourceTree = "<group>";
		};
		4A33B0561D82B64D00CC29B0 /* Products */ = {
			isa = PBXGroup;
			children = (
				4A33B0551D82B64D00CC29B0 /* Grc2016_iOS.app */,
				4A33B0691D82B64D00CC29B0 /* Grc2016_iOSTests.xctest */,
				4A33B0741D82B64D00CC29B0 /* Grc2016_iOSUITests.xctest */,
			);
			name = Products;
			sourceTree = "<group>";
		};
		4A33B0571D82B64D00CC29B0 /* Grc2016_iOS */ = {
			isa = PBXGroup;
			children = (
				4A33B0921D82BB2600CC29B0 /* Constants */,
				4A33B0911D82BAAB00CC29B0 /* Utility */,
				4A33B0901D82BA1800CC29B0 /* Managers */,
				4A33B0861D82B75C00CC29B0 /* Modules */,
				4A33B0581D82B64D00CC29B0 /* AppDelegate.swift */,
				4A33B05F1D82B64D00CC29B0 /* Assets.xcassets */,
				4A33B0641D82B64D00CC29B0 /* Info.plist */,
			);
			path = Grc2016_iOS;
			sourceTree = "<group>";
		};
		4A33B06C1D82B64D00CC29B0 /* Grc2016_iOSTests */ = {
			isa = PBXGroup;
			children = (
				4A33B06D1D82B64D00CC29B0 /* Grc2016_iOSTests.swift */,
				4A33B06F1D82B64D00CC29B0 /* Info.plist */,
			);
			path = Grc2016_iOSTests;
			sourceTree = "<group>";
		};
		4A33B0771D82B64D00CC29B0 /* Grc2016_iOSUITests */ = {
			isa = PBXGroup;
			children = (
				4A33B0781D82B64D00CC29B0 /* Grc2016_iOSUITests.swift */,
				4A33B07A1D82B64D00CC29B0 /* Info.plist */,
			);
			path = Grc2016_iOSUITests;
			sourceTree = "<group>";
		};
		4A33B0861D82B75C00CC29B0 /* Modules */ = {
			isa = PBXGroup;
			children = (
				4A52D9CC1D896061005C3C32 /* MenuModule */,
				1DE8DD001D84B33E002C37C8 /* Tabbar */,
				4A33B0951D82BB7B00CC29B0 /* AjusteModule */,
				4A33B0941D82BB6700CC29B0 /* DestertadorModule */,
				4A33B0931D82BB5300CC29B0 /* EnterateModule */,
				4A33B08A1D82B7F600CC29B0 /* AuthenticationModule */,
				4A33B0871D82B78400CC29B0 /* OnDemandModule */,
				4A33B0881D82B78400CC29B0 /* RadioModule */,
			);
			path = Modules;
			sourceTree = "<group>";
		};
		4A33B0871D82B78400CC29B0 /* OnDemandModule */ = {
			isa = PBXGroup;
			children = (
				4AE986D71D89372F009345BB /* Models */,
				4AE986D81D89372F009345BB /* ViewControllers */,
			);
			path = OnDemandModule;
			sourceTree = "<group>";
		};
		4A33B0881D82B78400CC29B0 /* RadioModule */ = {
			isa = PBXGroup;
			children = (
				4ACB4E2E1D91199300051C23 /* ReusableCollectionView */,
				4ACB4E291D910F4100051C23 /* CollectionViewCells */,
				4A7283811D8FFE6200D39DFD /* PageViewController */,
				4AE986D51D893702009345BB /* Models */,
				4AE986D61D893702009345BB /* ViewControllers */,
			);
			path = RadioModule;
			sourceTree = "<group>";
		};
		4A33B08A1D82B7F600CC29B0 /* AuthenticationModule */ = {
			isa = PBXGroup;
			children = (
				4A33B09E1D82CBCA00CC29B0 /* Models */,
				4A33B08B1D82B80F00CC29B0 /* ViewControllers */,
			);
			path = AuthenticationModule;
			sourceTree = "<group>";
		};
		4A33B08B1D82B80F00CC29B0 /* ViewControllers */ = {
			isa = PBXGroup;
			children = (
				4A33B08C1D82B83100CC29B0 /* CreateAccountViewController.swift */,
				4A33B08D1D82B83100CC29B0 /* CreateAccountViewController.xib */,
			);
			path = ViewControllers;
			sourceTree = "<group>";
		};
		4A33B0901D82BA1800CC29B0 /* Managers */ = {
			isa = PBXGroup;
			children = (
			);
			path = Managers;
			sourceTree = "<group>";
		};
		4A33B0911D82BAAB00CC29B0 /* Utility */ = {
			isa = PBXGroup;
			children = (
				4A3269131D8FC31C00A1468C /* Utility.swift */,
			);
			path = Utility;
			sourceTree = "<group>";
		};
		4A33B0921D82BB2600CC29B0 /* Constants */ = {
			isa = PBXGroup;
			children = (
				4A33B0991D82C4A500CC29B0 /* Constants.swift */,
			);
			path = Constants;
			sourceTree = "<group>";
		};
		4A33B0931D82BB5300CC29B0 /* EnterateModule */ = {
			isa = PBXGroup;
			children = (
				4AE986D91D89375E009345BB /* Models */,
				4AE986DA1D89375E009345BB /* ViewControllers */,
			);
			path = EnterateModule;
			sourceTree = "<group>";
		};
		4A33B0941D82BB6700CC29B0 /* DestertadorModule */ = {
			isa = PBXGroup;
			children = (
				4AE986DB1D89377E009345BB /* Models */,
				4AE986DC1D89377E009345BB /* ViewControllers */,
			);
			path = DestertadorModule;
			sourceTree = "<group>";
		};
		4A33B0951D82BB7B00CC29B0 /* AjusteModule */ = {
			isa = PBXGroup;
			children = (
				4AE986DD1D8937D3009345BB /* Models */,
				4AE986DE1D8937D3009345BB /* ViewControllers */,
			);
			path = AjusteModule;
			sourceTree = "<group>";
		};
		4A33B09E1D82CBCA00CC29B0 /* Models */ = {
			isa = PBXGroup;
			children = (
			);
			path = Models;
			sourceTree = "<group>";
		};
		4A52D9CC1D896061005C3C32 /* MenuModule */ = {
			isa = PBXGroup;
			children = (
				4A52D9CD1D896077005C3C32 /* ViewControllers */,
			);
			path = MenuModule;
			sourceTree = "<group>";
		};
		4A52D9CD1D896077005C3C32 /* ViewControllers */ = {
			isa = PBXGroup;
			children = (
				4A52D9CE1D8960A8005C3C32 /* MenuViewController.swift */,
				4A52D9CF1D8960A8005C3C32 /* MenuViewController.xib */,
			);
			path = ViewControllers;
			sourceTree = "<group>";
		};
		4A7283811D8FFE6200D39DFD /* PageViewController */ = {
			isa = PBXGroup;
			children = (
				4A7283821D8FFE9300D39DFD /* RadioPageViewController.swift */,
				4A7283831D8FFE9300D39DFD /* RadioPageViewController.xib */,
			);
			path = PageViewController;
			sourceTree = "<group>";
		};
		4ACB4E291D910F4100051C23 /* CollectionViewCells */ = {
			isa = PBXGroup;
			children = (
				4ACB4E2A1D910F6E00051C23 /* GeneroCollectionViewCell.swift */,
				4ACB4E2B1D910F6E00051C23 /* GeneroCollectionViewCell.xib */,
			);
			path = CollectionViewCells;
			sourceTree = "<group>";
		};
		4ACB4E2E1D91199300051C23 /* ReusableCollectionView */ = {
			isa = PBXGroup;
			children = (
				4ACB4E2F1D9119C000051C23 /* GeneroReusableCollectionView.swift */,
				4ACB4E301D9119C000051C23 /* GeneroReusableCollectionView.xib */,
				4ACB4E331D91302A00051C23 /* GeneroCollectionViewTopHeaderView.swift */,
				4ACB4E341D91302A00051C23 /* GeneroCollectionViewTopHeaderView.xib */,
			);
			path = ReusableCollectionView;
			sourceTree = "<group>";
		};
		4AE986D51D893702009345BB /* Models */ = {
			isa = PBXGroup;
			children = (
			);
			path = Models;
			sourceTree = "<group>";
		};
		4AE986D61D893702009345BB /* ViewControllers */ = {
			isa = PBXGroup;
			children = (
				4AE986DF1D89383E009345BB /* RadioViewController.swift */,
				4AE986E01D89383E009345BB /* RadioViewController.xib */,
				4A7283861D9009A200D39DFD /* RadioGeneroViewController.swift */,
				4A7283871D9009A200D39DFD /* RadioGeneroViewController.xib */,
				4A72838A1D9009BD00D39DFD /* RadioProgramsViewController.swift */,
				4A72838B1D9009BD00D39DFD /* RadioProgramsViewController.xib */,
				4A72838E1D9009E100D39DFD /* RadioFavoriteViewController.swift */,
				4A72838F1D9009E100D39DFD /* RadioFavoriteViewController.xib */,
				4A7283921D9009F900D39DFD /* RadioCloudViewController.swift */,
				4A7283931D9009F900D39DFD /* RadioCloudViewController.xib */,
			);
			path = ViewControllers;
			sourceTree = "<group>";
		};
		4AE986D71D89372F009345BB /* Models */ = {
			isa = PBXGroup;
			children = (
			);
			path = Models;
			sourceTree = "<group>";
		};
		4AE986D81D89372F009345BB /* ViewControllers */ = {
			isa = PBXGroup;
			children = (
				4AE986E31D893894009345BB /* OnDemandViewController.swift */,
				4AE986E41D893894009345BB /* OnDemandViewController.xib */,
			);
			path = ViewControllers;
			sourceTree = "<group>";
		};
		4AE986D91D89375E009345BB /* Models */ = {
			isa = PBXGroup;
			children = (
			);
			path = Models;
			sourceTree = "<group>";
		};
		4AE986DA1D89375E009345BB /* ViewControllers */ = {
			isa = PBXGroup;
			children = (
				4AE986E71D8938AA009345BB /* EnterateViewController.swift */,
				4AE986E81D8938AA009345BB /* EnterateViewController.xib */,
			);
			path = ViewControllers;
			sourceTree = "<group>";
		};
		4AE986DB1D89377E009345BB /* Models */ = {
			isa = PBXGroup;
			children = (
			);
			path = Models;
			sourceTree = "<group>";
		};
		4AE986DC1D89377E009345BB /* ViewControllers */ = {
			isa = PBXGroup;
			children = (
				4AE986EB1D8938C2009345BB /* DestertadorViewController.swift */,
				4AE986EC1D8938C2009345BB /* DestertadorViewController.xib */,
			);
			path = ViewControllers;
			sourceTree = "<group>";
		};
		4AE986DD1D8937D3009345BB /* Models */ = {
			isa = PBXGroup;
			children = (
			);
			path = Models;
			sourceTree = "<group>";
		};
		4AE986DE1D8937D3009345BB /* ViewControllers */ = {
			isa = PBXGroup;
			children = (
				4AE986EF1D8938E1009345BB /* AjusteViewController.swift */,
				4AE986F01D8938E1009345BB /* AjusteViewController.xib */,
			);
			path = ViewControllers;
			sourceTree = "<group>";
		};
		4BA562E9180EEE3A106D030B /* Frameworks */ = {
			isa = PBXGroup;
			children = (
			);
			name = Frameworks;
			sourceTree = "<group>";
		};
/* End PBXGroup section */

/* Begin PBXNativeTarget section */
		4A33B0541D82B64D00CC29B0 /* Grc2016_iOS */ = {
			isa = PBXNativeTarget;
			buildConfigurationList = 4A33B07D1D82B64D00CC29B0 /* Build configuration list for PBXNativeTarget "Grc2016_iOS" */;
			buildPhases = (
				8994B26E5E5629B1A2B12904 /* [CP] Check Pods Manifest.lock */,
				4A33B0511D82B64D00CC29B0 /* Sources */,
				4A33B0521D82B64D00CC29B0 /* Frameworks */,
				4A33B0531D82B64D00CC29B0 /* Resources */,
				C1125809B3CCDB2AAB2E9538 /* [CP] Embed Pods Frameworks */,
				DB21A34FC951739B7FCED1FC /* [CP] Copy Pods Resources */,
			);
			buildRules = (
			);
			dependencies = (
			);
			name = Grc2016_iOS;
			productName = Grc2016_iOS;
			productReference = 4A33B0551D82B64D00CC29B0 /* Grc2016_iOS.app */;
			productType = "com.apple.product-type.application";
		};
		4A33B0681D82B64D00CC29B0 /* Grc2016_iOSTests */ = {
			isa = PBXNativeTarget;
			buildConfigurationList = 4A33B0801D82B64D00CC29B0 /* Build configuration list for PBXNativeTarget "Grc2016_iOSTests" */;
			buildPhases = (
				4A33B0651D82B64D00CC29B0 /* Sources */,
				4A33B0661D82B64D00CC29B0 /* Frameworks */,
				4A33B0671D82B64D00CC29B0 /* Resources */,
			);
			buildRules = (
			);
			dependencies = (
				4A33B06B1D82B64D00CC29B0 /* PBXTargetDependency */,
			);
			name = Grc2016_iOSTests;
			productName = Grc2016_iOSTests;
			productReference = 4A33B0691D82B64D00CC29B0 /* Grc2016_iOSTests.xctest */;
			productType = "com.apple.product-type.bundle.unit-test";
		};
		4A33B0731D82B64D00CC29B0 /* Grc2016_iOSUITests */ = {
			isa = PBXNativeTarget;
			buildConfigurationList = 4A33B0831D82B64D00CC29B0 /* Build configuration list for PBXNativeTarget "Grc2016_iOSUITests" */;
			buildPhases = (
				4A33B0701D82B64D00CC29B0 /* Sources */,
				4A33B0711D82B64D00CC29B0 /* Frameworks */,
				4A33B0721D82B64D00CC29B0 /* Resources */,
			);
			buildRules = (
			);
			dependencies = (
				4A33B0761D82B64D00CC29B0 /* PBXTargetDependency */,
			);
			name = Grc2016_iOSUITests;
			productName = Grc2016_iOSUITests;
			productReference = 4A33B0741D82B64D00CC29B0 /* Grc2016_iOSUITests.xctest */;
			productType = "com.apple.product-type.bundle.ui-testing";
		};
/* End PBXNativeTarget section */

/* Begin PBXProject section */
		4A33B04D1D82B64D00CC29B0 /* Project object */ = {
			isa = PBXProject;
			attributes = {
				LastSwiftUpdateCheck = 0730;
				LastUpgradeCheck = 0730;
				TargetAttributes = {
					4A33B0541D82B64D00CC29B0 = {
						CreatedOnToolsVersion = 7.3;
					};
					4A33B0681D82B64D00CC29B0 = {
						CreatedOnToolsVersion = 7.3;
						TestTargetID = 4A33B0541D82B64D00CC29B0;
					};
					4A33B0731D82B64D00CC29B0 = {
						CreatedOnToolsVersion = 7.3;
						TestTargetID = 4A33B0541D82B64D00CC29B0;
					};
				};
			};
			buildConfigurationList = 4A33B0501D82B64D00CC29B0 /* Build configuration list for PBXProject "Grc2016_iOS" */;
			compatibilityVersion = "Xcode 3.2";
			developmentRegion = English;
			hasScannedForEncodings = 0;
			knownRegions = (
				en,
				Base,
			);
			mainGroup = 4A33B04C1D82B64D00CC29B0;
			productRefGroup = 4A33B0561D82B64D00CC29B0 /* Products */;
			projectDirPath = "";
			projectRoot = "";
			targets = (
				4A33B0541D82B64D00CC29B0 /* Grc2016_iOS */,
				4A33B0681D82B64D00CC29B0 /* Grc2016_iOSTests */,
				4A33B0731D82B64D00CC29B0 /* Grc2016_iOSUITests */,
			);
		};
/* End PBXProject section */

/* Begin PBXResourcesBuildPhase section */
		4A33B0531D82B64D00CC29B0 /* Resources */ = {
			isa = PBXResourcesBuildPhase;
			buildActionMask = 2147483647;
			files = (
				4ACB4E2D1D910F6E00051C23 /* GeneroCollectionViewCell.xib in Resources */,
				4AE986E61D893894009345BB /* OnDemandViewController.xib in Resources */,
				4ACB4E321D9119C000051C23 /* GeneroReusableCollectionView.xib in Resources */,
				4AE986F21D8938E1009345BB /* AjusteViewController.xib in Resources */,
				4ACB4E361D91302A00051C23 /* GeneroCollectionViewTopHeaderView.xib in Resources */,
				4AE986EA1D8938AA009345BB /* EnterateViewController.xib in Resources */,
				4A7283851D8FFE9300D39DFD /* RadioPageViewController.xib in Resources */,
				4A7283891D9009A200D39DFD /* RadioGeneroViewController.xib in Resources */,
				4A52D9D11D8960A8005C3C32 /* MenuViewController.xib in Resources */,
				4AE986EE1D8938C2009345BB /* DestertadorViewController.xib in Resources */,
				4A33B08F1D82B83100CC29B0 /* CreateAccountViewController.xib in Resources */,
				4A33B0601D82B64D00CC29B0 /* Assets.xcassets in Resources */,
				4A7283951D9009F900D39DFD /* RadioCloudViewController.xib in Resources */,
				4A72838D1D9009BD00D39DFD /* RadioProgramsViewController.xib in Resources */,
				4A7283911D9009E100D39DFD /* RadioFavoriteViewController.xib in Resources */,
				4AE986E21D89383E009345BB /* RadioViewController.xib in Resources */,
			);
			runOnlyForDeploymentPostprocessing = 0;
		};
		4A33B0671D82B64D00CC29B0 /* Resources */ = {
			isa = PBXResourcesBuildPhase;
			buildActionMask = 2147483647;
			files = (
			);
			runOnlyForDeploymentPostprocessing = 0;
		};
		4A33B0721D82B64D00CC29B0 /* Resources */ = {
			isa = PBXResourcesBuildPhase;
			buildActionMask = 2147483647;
			files = (
			);
			runOnlyForDeploymentPostprocessing = 0;
		};
/* End PBXResourcesBuildPhase section */

/* Begin PBXShellScriptBuildPhase section */
		8994B26E5E5629B1A2B12904 /* [CP] Check Pods Manifest.lock */ = {
			isa = PBXShellScriptBuildPhase;
			buildActionMask = 2147483647;
			files = (
			);
			inputPaths = (
			);
			name = "[CP] Check Pods Manifest.lock";
			outputPaths = (
			);
			runOnlyForDeploymentPostprocessing = 0;
			shellPath = /bin/sh;
			shellScript = "
";
			showEnvVarsInLog = 0;
		};
		C1125809B3CCDB2AAB2E9538 /* [CP] Embed Pods Frameworks */ = {
			isa = PBXShellScriptBuildPhase;
			buildActionMask = 2147483647;
			files = (
			);
			inputPaths = (
			);
			name = "[CP] Embed Pods Frameworks";
			outputPaths = (
			);
			runOnlyForDeploymentPostprocessing = 0;
			shellPath = /bin/sh;
			shellScript = "";
			showEnvVarsInLog = 0;
		};
		DB21A34FC951739B7FCED1FC /* [CP] Copy Pods Resources */ = {
			isa = PBXShellScriptBuildPhase;
			buildActionMask = 2147483647;
			files = (
			);
			inputPaths = (
			);
			name = "[CP] Copy Pods Resources";
			outputPaths = (
			);
			runOnlyForDeploymentPostprocessing = 0;
			shellPath = /bin/sh;
			shellScript = "";
			showEnvVarsInLog = 0;
		};
/* End PBXShellScriptBuildPhase section */

/* Begin PBXSourcesBuildPhase section */
		4A33B0511D82B64D00CC29B0 /* Sources */ = {
			isa = PBXSourcesBuildPhase;
			buildActionMask = 2147483647;
			files = (
				4AE986E51D893894009345BB /* OnDemandViewController.swift in Sources */,
				4ACB4E311D9119C000051C23 /* GeneroReusableCollectionView.swift in Sources */,
				4ACB4E351D91302A00051C23 /* GeneroCollectionViewTopHeaderView.swift in Sources */,
				4A52D9D01D8960A8005C3C32 /* MenuViewController.swift in Sources */,
				4AE986E91D8938AA009345BB /* EnterateViewController.swift in Sources */,
				4A72838C1D9009BD00D39DFD /* RadioProgramsViewController.swift in Sources */,
				4A3269141D8FC31C00A1468C /* Utility.swift in Sources */,
				4ACB4E2C1D910F6E00051C23 /* GeneroCollectionViewCell.swift in Sources */,
				4AE986F11D8938E1009345BB /* AjusteViewController.swift in Sources */,
				4AE986ED1D8938C2009345BB /* DestertadorViewController.swift in Sources */,
				1DE8DD021D84B3A9002C37C8 /* RATabBar.swift in Sources */,
				4A7283841D8FFE9300D39DFD /* RadioPageViewController.swift in Sources */,
				4AE986E11D89383E009345BB /* RadioViewController.swift in Sources */,
				4A7283901D9009E100D39DFD /* RadioFavoriteViewController.swift in Sources */,
				4A33B08E1D82B83100CC29B0 /* CreateAccountViewController.swift in Sources */,
				4A7283881D9009A200D39DFD /* RadioGeneroViewController.swift in Sources */,
				4A33B0591D82B64D00CC29B0 /* AppDelegate.swift in Sources */,
				4A7283941D9009F900D39DFD /* RadioCloudViewController.swift in Sources */,
				4A33B09A1D82C4A500CC29B0 /* Constants.swift in Sources */,
			);
			runOnlyForDeploymentPostprocessing = 0;
		};
		4A33B0651D82B64D00CC29B0 /* Sources */ = {
			isa = PBXSourcesBuildPhase;
			buildActionMask = 2147483647;
			files = (
				1DE8DD031D84B3A9002C37C8 /* RATabBar.swift in Sources */,
				4A33B06E1D82B64D00CC29B0 /* Grc2016_iOSTests.swift in Sources */,
			);
			runOnlyForDeploymentPostprocessing = 0;
		};
		4A33B0701D82B64D00CC29B0 /* Sources */ = {
			isa = PBXSourcesBuildPhase;
			buildActionMask = 2147483647;
			files = (
				1DE8DD041D84B3A9002C37C8 /* RATabBar.swift in Sources */,
				4A33B0791D82B64D00CC29B0 /* Grc2016_iOSUITests.swift in Sources */,
			);
			runOnlyForDeploymentPostprocessing = 0;
		};
/* End PBXSourcesBuildPhase section */

/* Begin PBXTargetDependency section */
		4A33B06B1D82B64D00CC29B0 /* PBXTargetDependency */ = {
			isa = PBXTargetDependency;
			target = 4A33B0541D82B64D00CC29B0 /* Grc2016_iOS */;
			targetProxy = 4A33B06A1D82B64D00CC29B0 /* PBXContainerItemProxy */;
		};
		4A33B0761D82B64D00CC29B0 /* PBXTargetDependency */ = {
			isa = PBXTargetDependency;
			target = 4A33B0541D82B64D00CC29B0 /* Grc2016_iOS */;
			targetProxy = 4A33B0751D82B64D00CC29B0 /* PBXContainerItemProxy */;
		};
/* End PBXTargetDependency section */

/* Begin XCBuildConfiguration section */
		4A33B07B1D82B64D00CC29B0 /* Debug */ = {
			isa = XCBuildConfiguration;
			buildSettings = {
				ALWAYS_SEARCH_USER_PATHS = NO;
				CLANG_ANALYZER_NONNULL = YES;
				CLANG_CXX_LANGUAGE_STANDARD = "gnu++0x";
				CLANG_CXX_LIBRARY = "libc++";
				CLANG_ENABLE_MODULES = YES;
				CLANG_ENABLE_OBJC_ARC = YES;
				CLANG_WARN_BOOL_CONVERSION = YES;
				CLANG_WARN_CONSTANT_CONVERSION = YES;
				CLANG_WARN_DIRECT_OBJC_ISA_USAGE = YES_ERROR;
				CLANG_WARN_EMPTY_BODY = YES;
				CLANG_WARN_ENUM_CONVERSION = YES;
				CLANG_WARN_INT_CONVERSION = YES;
				CLANG_WARN_OBJC_ROOT_CLASS = YES_ERROR;
				CLANG_WARN_UNREACHABLE_CODE = YES;
				CLANG_WARN__DUPLICATE_METHOD_MATCH = YES;
				"CODE_SIGN_IDENTITY[sdk=iphoneos*]" = "iPhone Developer";
				COPY_PHASE_STRIP = NO;
				DEBUG_INFORMATION_FORMAT = dwarf;
				ENABLE_STRICT_OBJC_MSGSEND = YES;
				ENABLE_TESTABILITY = YES;
				GCC_C_LANGUAGE_STANDARD = gnu99;
				GCC_DYNAMIC_NO_PIC = NO;
				GCC_NO_COMMON_BLOCKS = YES;
				GCC_OPTIMIZATION_LEVEL = 0;
				GCC_PREPROCESSOR_DEFINITIONS = (
					"DEBUG=1",
					"$(inherited)",
				);
				GCC_WARN_64_TO_32_BIT_CONVERSION = YES;
				GCC_WARN_ABOUT_RETURN_TYPE = YES_ERROR;
				GCC_WARN_UNDECLARED_SELECTOR = YES;
				GCC_WARN_UNINITIALIZED_AUTOS = YES_AGGRESSIVE;
				GCC_WARN_UNUSED_FUNCTION = YES;
				GCC_WARN_UNUSED_VARIABLE = YES;
				IPHONEOS_DEPLOYMENT_TARGET = 9.3;
				MTL_ENABLE_DEBUG_INFO = YES;
				ONLY_ACTIVE_ARCH = YES;
				SDKROOT = iphoneos;
				SWIFT_OPTIMIZATION_LEVEL = "-Onone";
				TARGETED_DEVICE_FAMILY = "1,2";
			};
			name = Debug;
		};
		4A33B07C1D82B64D00CC29B0 /* Release */ = {
			isa = XCBuildConfiguration;
			buildSettings = {
				ALWAYS_SEARCH_USER_PATHS = NO;
				CLANG_ANALYZER_NONNULL = YES;
				CLANG_CXX_LANGUAGE_STANDARD = "gnu++0x";
				CLANG_CXX_LIBRARY = "libc++";
				CLANG_ENABLE_MODULES = YES;
				CLANG_ENABLE_OBJC_ARC = YES;
				CLANG_WARN_BOOL_CONVERSION = YES;
				CLANG_WARN_CONSTANT_CONVERSION = YES;
				CLANG_WARN_DIRECT_OBJC_ISA_USAGE = YES_ERROR;
				CLANG_WARN_EMPTY_BODY = YES;
				CLANG_WARN_ENUM_CONVERSION = YES;
				CLANG_WARN_INT_CONVERSION = YES;
				CLANG_WARN_OBJC_ROOT_CLASS = YES_ERROR;
				CLANG_WARN_UNREACHABLE_CODE = YES;
				CLANG_WARN__DUPLICATE_METHOD_MATCH = YES;
				"CODE_SIGN_IDENTITY[sdk=iphoneos*]" = "iPhone Developer";
				COPY_PHASE_STRIP = NO;
				DEBUG_INFORMATION_FORMAT = "dwarf-with-dsym";
				ENABLE_NS_ASSERTIONS = NO;
				ENABLE_STRICT_OBJC_MSGSEND = YES;
				GCC_C_LANGUAGE_STANDARD = gnu99;
				GCC_NO_COMMON_BLOCKS = YES;
				GCC_WARN_64_TO_32_BIT_CONVERSION = YES;
				GCC_WARN_ABOUT_RETURN_TYPE = YES_ERROR;
				GCC_WARN_UNDECLARED_SELECTOR = YES;
				GCC_WARN_UNINITIALIZED_AUTOS = YES_AGGRESSIVE;
				GCC_WARN_UNUSED_FUNCTION = YES;
				GCC_WARN_UNUSED_VARIABLE = YES;
				IPHONEOS_DEPLOYMENT_TARGET = 9.3;
				MTL_ENABLE_DEBUG_INFO = NO;
				SDKROOT = iphoneos;
				TARGETED_DEVICE_FAMILY = "1,2";
				VALIDATE_PRODUCT = YES;
			};
			name = Release;
		};
		4A33B07E1D82B64D00CC29B0 /* Debug */ = {
			isa = XCBuildConfiguration;
			buildSettings = {
				ASSETCATALOG_COMPILER_APPICON_NAME = AppIcon;
				INFOPLIST_FILE = Grc2016_iOS/Info.plist;
				LD_RUNPATH_SEARCH_PATHS = "$(inherited) @executable_path/Frameworks";
				PRODUCT_BUNDLE_IDENTIFIER = "com.intelligrape.Grc2016-iOS";
				PRODUCT_NAME = "$(TARGET_NAME)";
			};
			name = Debug;
		};
		4A33B07F1D82B64D00CC29B0 /* Release */ = {
			isa = XCBuildConfiguration;
			buildSettings = {
				ASSETCATALOG_COMPILER_APPICON_NAME = AppIcon;
				INFOPLIST_FILE = Grc2016_iOS/Info.plist;
				LD_RUNPATH_SEARCH_PATHS = "$(inherited) @executable_path/Frameworks";
				PRODUCT_BUNDLE_IDENTIFIER = "com.intelligrape.Grc2016-iOS";
				PRODUCT_NAME = "$(TARGET_NAME)";
			};
			name = Release;
		};
		4A33B0811D82B64D00CC29B0 /* Debug */ = {
			isa = XCBuildConfiguration;
			buildSettings = {
				BUNDLE_LOADER = "$(TEST_HOST)";
				INFOPLIST_FILE = Grc2016_iOSTests/Info.plist;
				LD_RUNPATH_SEARCH_PATHS = "$(inherited) @executable_path/Frameworks @loader_path/Frameworks";
				PRODUCT_BUNDLE_IDENTIFIER = "com.intelligrape.Grc2016-iOSTests";
				PRODUCT_NAME = "$(TARGET_NAME)";
				TEST_HOST = "$(BUILT_PRODUCTS_DIR)/Grc2016_iOS.app/Grc2016_iOS";
			};
			name = Debug;
		};
		4A33B0821D82B64D00CC29B0 /* Release */ = {
			isa = XCBuildConfiguration;
			buildSettings = {
				BUNDLE_LOADER = "$(TEST_HOST)";
				INFOPLIST_FILE = Grc2016_iOSTests/Info.plist;
				LD_RUNPATH_SEARCH_PATHS = "$(inherited) @executable_path/Frameworks @loader_path/Frameworks";
				PRODUCT_BUNDLE_IDENTIFIER = "com.intelligrape.Grc2016-iOSTests";
				PRODUCT_NAME = "$(TARGET_NAME)";
				TEST_HOST = "$(BUILT_PRODUCTS_DIR)/Grc2016_iOS.app/Grc2016_iOS";
			};
			name = Release;
		};
		4A33B0841D82B64D00CC29B0 /* Debug */ = {
			isa = XCBuildConfiguration;
			buildSettings = {
				INFOPLIST_FILE = Grc2016_iOSUITests/Info.plist;
				LD_RUNPATH_SEARCH_PATHS = "$(inherited) @executable_path/Frameworks @loader_path/Frameworks";
				PRODUCT_BUNDLE_IDENTIFIER = "com.intelligrape.Grc2016-iOSUITests";
				PRODUCT_NAME = "$(TARGET_NAME)";
				TEST_TARGET_NAME = Grc2016_iOS;
			};
			name = Debug;
		};
		4A33B0851D82B64D00CC29B0 /* Release */ = {
			isa = XCBuildConfiguration;
			buildSettings = {
				INFOPLIST_FILE = Grc2016_iOSUITests/Info.plist;
				LD_RUNPATH_SEARCH_PATHS = "$(inherited) @executable_path/Frameworks @loader_path/Frameworks";
				PRODUCT_BUNDLE_IDENTIFIER = "com.intelligrape.Grc2016-iOSUITests";
				PRODUCT_NAME = "$(TARGET_NAME)";
				TEST_TARGET_NAME = Grc2016_iOS;
			};
			name = Release;
		};
/* End XCBuildConfiguration section */

/* Begin XCConfigurationList section */
		4A33B0501D82B64D00CC29B0 /* Build configuration list for PBXProject "Grc2016_iOS" */ = {
			isa = XCConfigurationList;
			buildConfigurations = (
				4A33B07B1D82B64D00CC29B0 /* Debug */,
				4A33B07C1D82B64D00CC29B0 /* Release */,
			);
			defaultConfigurationIsVisible = 0;
			defaultConfigurationName = Release;
		};
		4A33B07D1D82B64D00CC29B0 /* Build configuration list for PBXNativeTarget "Grc2016_iOS" */ = {
			isa = XCConfigurationList;
			buildConfigurations = (
				4A33B07E1D82B64D00CC29B0 /* Debug */,
				4A33B07F1D82B64D00CC29B0 /* Release */,
			);
			defaultConfigurationIsVisible = 0;
			defaultConfigurationName = Release;
		};
		4A33B0801D82B64D00CC29B0 /* Build configuration list for PBXNativeTarget "Grc2016_iOSTests" */ = {
			isa = XCConfigurationList;
			buildConfigurations = (
				4A33B0811D82B64D00CC29B0 /* Debug */,
				4A33B0821D82B64D00CC29B0 /* Release */,
			);
			defaultConfigurationIsVisible = 0;
			defaultConfigurationName = Release;
		};
		4A33B0831D82B64D00CC29B0 /* Build configuration list for PBXNativeTarget "Grc2016_iOSUITests" */ = {
			isa = XCConfigurationList;
			buildConfigurations = (
				4A33B0841D82B64D00CC29B0 /* Debug */,
				4A33B0851D82B64D00CC29B0 /* Release */,
			);
			defaultConfigurationIsVisible = 0;
			defaultConfigurationName = Release;
		};
/* End XCConfigurationList section */
	};
	rootObject = 4A33B04D1D82B64D00CC29B0 /* Project object */;
}
